#
# This file is autogenerated by pip-compile with Python 3.13
# by the following command:
#
#    pip-compile --allow-unsafe --generate-hashes --output-file=linux-py3.13-requirements.lock --pip-args='--uploaded-prior-to=2026-09-22' --strip-extras pyproject.toml
#
fpyutils==4.0.1 \
    --hash=sha256:006cfbdbd87915d8a1c5b7062b6c8d2f4f9fd12c3e707d89c27e6abd6c67c6b2 \
    --hash=sha256:5ee8448b09863d5905ad22cf5f6c8af79d3b314617ac8fbded48eb2a414988e6
    # via md_toc (pyproject.toml)
